
Microsoft Visual Studio Solution File, Format Version 12.00
# Visual Studio Version 17
VisualStudioVersion = 17.10.34928.147
MinimumVisualStudioVersion = 10.0.40219.1
Project("{9A19103F-16F7-4668-BE54-9A1E7A4F7556}") = "TradeTracker", "TradeTracker\TradeTracker.csproj", "{01AA77CE-1A13-47EB-96FF-ADB51C0361A0}"
EndProject
Project("{9A19103F-16F7-4668-BE54-9A1E7A4F7556}") = "DataAccess", "DataAccess\DataAccess.csproj", "{943850F7-787A-4284-B09A-88EF1631DE07}"
EndProject
Project("{9A19103F-16F7-4668-BE54-9A1E7A4F7556}") = "Infrastructure", "Infrastructure\Infrastructure.csproj", "{E99409F9-4EB3-408A-8BB1-66E1F8BFDA60}"
EndProject
Project("{9A19103F-16F7-4668-BE54-9A1E7A4F7556}") = "ValidationComponent", "ValidationComponent\ValidationComponent.csproj", "{AC3CEF07-F543-4B26-91C0-A274628C193D}"
EndProject
Project("{9A19103F-16F7-4668-BE54-9A1E7A4F7556}") = "SessionOpening", "SessionOpening\SessionOpening.csproj", "{C8C9974A-C813-4A3E-B827-F1A376CB5622}"
EndProject
Project("{9A19103F-16F7-4668-BE54-9A1E7A4F7556}") = "SharedProject", "SharedProject\SharedProject.csproj", "{305112DC-F1E3-4116-BCF4-571D84B0FFB0}"
EndProject
Project("{9A19103F-16F7-4668-BE54-9A1E7A4F7556}") = "EventTracker", "EventTracker\EventTracker.csproj", "{B30E3714-AF0B-43AF-9C58-8503D8AD0806}"
EndProject
Project("{00D1A9C2-B5F0-4AF3-8072-F6C62B433612}") = "TradeTrackerJournal_DB", "TradeTrackerJournal_DB\TradeTrackerJournal_DB.sqlproj", "{DBD1CA26-DB0D-4E92-BBA4-687CD7F503DF}"
EndProject
Project("{FAE04EC0-301F-11D3-BF4B-00C04F79EFBC}") = "TestProject", "TestProject\TestProject.csproj", "{4CF5A0E5-7748-4F05-BCBA-16B7DAA1E66A}"
EndProject
Project("{FAE04EC0-301F-11D3-BF4B-00C04F79EFBC}") = "HotStockTracker", "HotStockTracker\HotStockTracker.csproj", "{58DA987E-6A83-4558-A6DD-C7A024A4525C}"
EndProject
Global
	GlobalSection(SolutionConfigurationPlatforms) = preSolution
		Debug|Any CPU = Debug|Any CPU
		Debug|x64 = Debug|x64
		Debug|x86 = Debug|x86
		Release|Any CPU = Release|Any CPU
		Release|x64 = Release|x64
		Release|x86 = Release|x86
	EndGlobalSection
	GlobalSection(ProjectConfigurationPlatforms) = postSolution
		{01AA77CE-1A13-47EB-96FF-ADB51C0361A0}.Debug|Any CPU.ActiveCfg = Debug|Any CPU
		{01AA77CE-1A13-47EB-96FF-ADB51C0361A0}.Debug|Any CPU.Build.0 = Debug|Any CPU
		{01AA77CE-1A13-47EB-96FF-ADB51C0361A0}.Debug|x64.ActiveCfg = Debug|Any CPU
		{01AA77CE-1A13-47EB-96FF-ADB51C0361A0}.Debug|x64.Build.0 = Debug|Any CPU
		{01AA77CE-1A13-47EB-96FF-ADB51C0361A0}.Debug|x86.ActiveCfg = Debug|x86
		{01AA77CE-1A13-47EB-96FF-ADB51C0361A0}.Debug|x86.Build.0 = Debug|x86
		{01AA77CE-1A13-47EB-96FF-ADB51C0361A0}.Release|Any CPU.ActiveCfg = Release|Any CPU
		{01AA77CE-1A13-47EB-96FF-ADB51C0361A0}.Release|Any CPU.Build.0 = Release|Any CPU
		{01AA77CE-1A13-47EB-96FF-ADB51C0361A0}.Release|x64.ActiveCfg = Release|Any CPU
		{01AA77CE-1A13-47EB-96FF-ADB51C0361A0}.Release|x64.Build.0 = Release|Any CPU
		{01AA77CE-1A13-47EB-96FF-ADB51C0361A0}.Release|x86.ActiveCfg = Release|x86
		{01AA77CE-1A13-47EB-96FF-ADB51C0361A0}.Release|x86.Build.0 = Release|x86
		{943850F7-787A-4284-B09A-88EF1631DE07}.Debug|Any CPU.ActiveCfg = Debug|Any CPU
		{943850F7-787A-4284-B09A-88EF1631DE07}.Debug|Any CPU.Build.0 = Debug|Any CPU
		{943850F7-787A-4284-B09A-88EF1631DE07}.Debug|x64.ActiveCfg = Debug|Any CPU
		{943850F7-787A-4284-B09A-88EF1631DE07}.Debug|x64.Build.0 = Debug|Any CPU
		{943850F7-787A-4284-B09A-88EF1631DE07}.Debug|x86.ActiveCfg = Debug|x86
		{943850F7-787A-4284-B09A-88EF1631DE07}.Debug|x86.Build.0 = Debug|x86
		{943850F7-787A-4284-B09A-88EF1631DE07}.Release|Any CPU.ActiveCfg = Release|Any CPU
		{943850F7-787A-4284-B09A-88EF1631DE07}.Release|Any CPU.Build.0 = Release|Any CPU
		{943850F7-787A-4284-B09A-88EF1631DE07}.Release|x64.ActiveCfg = Release|Any CPU
		{943850F7-787A-4284-B09A-88EF1631DE07}.Release|x64.Build.0 = Release|Any CPU
		{943850F7-787A-4284-B09A-88EF1631DE07}.Release|x86.ActiveCfg = Release|x86
		{943850F7-787A-4284-B09A-88EF1631DE07}.Release|x86.Build.0 = Release|x86
		{E99409F9-4EB3-408A-8BB1-66E1F8BFDA60}.Debug|Any CPU.ActiveCfg = Debug|Any CPU
		{E99409F9-4EB3-408A-8BB1-66E1F8BFDA60}.Debug|Any CPU.Build.0 = Debug|Any CPU
		{E99409F9-4EB3-408A-8BB1-66E1F8BFDA60}.Debug|x64.ActiveCfg = Debug|Any CPU
		{E99409F9-4EB3-408A-8BB1-66E1F8BFDA60}.Debug|x64.Build.0 = Debug|Any CPU
		{E99409F9-4EB3-408A-8BB1-66E1F8BFDA60}.Debug|x86.ActiveCfg = Debug|x86
		{E99409F9-4EB3-408A-8BB1-66E1F8BFDA60}.Debug|x86.Build.0 = Debug|x86
		{E99409F9-4EB3-408A-8BB1-66E1F8BFDA60}.Release|Any CPU.ActiveCfg = Release|Any CPU
		{E99409F9-4EB3-408A-8BB1-66E1F8BFDA60}.Release|Any CPU.Build.0 = Release|Any CPU
		{E99409F9-4EB3-408A-8BB1-66E1F8BFDA60}.Release|x64.ActiveCfg = Release|Any CPU
		{E99409F9-4EB3-408A-8BB1-66E1F8BFDA60}.Release|x64.Build.0 = Release|Any CPU
		{E99409F9-4EB3-408A-8BB1-66E1F8BFDA60}.Release|x86.ActiveCfg = Release|x86
		{E99409F9-4EB3-408A-8BB1-66E1F8BFDA60}.Release|x86.Build.0 = Release|x86
		{AC3CEF07-F543-4B26-91C0-A274628C193D}.Debug|Any CPU.ActiveCfg = Debug|Any CPU
		{AC3CEF07-F543-4B26-91C0-A274628C193D}.Debug|Any CPU.Build.0 = Debug|Any CPU
		{AC3CEF07-F543-4B26-91C0-A274628C193D}.Debug|x64.ActiveCfg = Debug|x64
		{AC3CEF07-F543-4B26-91C0-A274628C193D}.Debug|x64.Build.0 = Debug|x64
		{AC3CEF07-F543-4B26-91C0-A274628C193D}.Debug|x86.ActiveCfg = Debug|x86
		{AC3CEF07-F543-4B26-91C0-A274628C193D}.Debug|x86.Build.0 = Debug|x86
		{AC3CEF07-F543-4B26-91C0-A274628C193D}.Release|Any CPU.ActiveCfg = Release|Any CPU
		{AC3CEF07-F543-4B26-91C0-A274628C193D}.Release|Any CPU.Build.0 = Release|Any CPU
		{AC3CEF07-F543-4B26-91C0-A274628C193D}.Release|x64.ActiveCfg = Release|x64
		{AC3CEF07-F543-4B26-91C0-A274628C193D}.Release|x64.Build.0 = Release|x64
		{AC3CEF07-F543-4B26-91C0-A274628C193D}.Release|x86.ActiveCfg = Release|x64
		{AC3CEF07-F543-4B26-91C0-A274628C193D}.Release|x86.Build.0 = Release|x64
		{C8C9974A-C813-4A3E-B827-F1A376CB5622}.Debug|Any CPU.ActiveCfg = Debug|Any CPU
		{C8C9974A-C813-4A3E-B827-F1A376CB5622}.Debug|Any CPU.Build.0 = Debug|Any CPU
		{C8C9974A-C813-4A3E-B827-F1A376CB5622}.Debug|x64.ActiveCfg = Debug|Any CPU
		{C8C9974A-C813-4A3E-B827-F1A376CB5622}.Debug|x64.Build.0 = Debug|Any CPU
		{C8C9974A-C813-4A3E-B827-F1A376CB5622}.Debug|x86.ActiveCfg = Debug|x86
		{C8C9974A-C813-4A3E-B827-F1A376CB5622}.Debug|x86.Build.0 = Debug|x86
		{C8C9974A-C813-4A3E-B827-F1A376CB5622}.Release|Any CPU.ActiveCfg = Release|Any CPU
		{C8C9974A-C813-4A3E-B827-F1A376CB5622}.Release|Any CPU.Build.0 = Release|Any CPU
		{C8C9974A-C813-4A3E-B827-F1A376CB5622}.Release|x64.ActiveCfg = Release|Any CPU
		{C8C9974A-C813-4A3E-B827-F1A376CB5622}.Release|x64.Build.0 = Release|Any CPU
		{C8C9974A-C813-4A3E-B827-F1A376CB5622}.Release|x86.ActiveCfg = Release|Any CPU
		{C8C9974A-C813-4A3E-B827-F1A376CB5622}.Release|x86.Build.0 = Release|Any CPU
		{305112DC-F1E3-4116-BCF4-571D84B0FFB0}.Debug|Any CPU.ActiveCfg = Debug|Any CPU
		{305112DC-F1E3-4116-BCF4-571D84B0FFB0}.Debug|Any CPU.Build.0 = Debug|Any CPU
		{305112DC-F1E3-4116-BCF4-571D84B0FFB0}.Debug|x64.ActiveCfg = Debug|Any CPU
		{305112DC-F1E3-4116-BCF4-571D84B0FFB0}.Debug|x64.Build.0 = Debug|Any CPU
		{305112DC-F1E3-4116-BCF4-571D84B0FFB0}.Debug|x86.ActiveCfg = Debug|Any CPU
		{305112DC-F1E3-4116-BCF4-571D84B0FFB0}.Debug|x86.Build.0 = Debug|Any CPU
		{305112DC-F1E3-4116-BCF4-571D84B0FFB0}.Release|Any CPU.ActiveCfg = Release|Any CPU
		{305112DC-F1E3-4116-BCF4-571D84B0FFB0}.Release|Any CPU.Build.0 = Release|Any CPU
		{305112DC-F1E3-4116-BCF4-571D84B0FFB0}.Release|x64.ActiveCfg = Release|Any CPU
		{305112DC-F1E3-4116-BCF4-571D84B0FFB0}.Release|x64.Build.0 = Release|Any CPU
		{305112DC-F1E3-4116-BCF4-571D84B0FFB0}.Release|x86.ActiveCfg = Release|Any CPU
		{305112DC-F1E3-4116-BCF4-571D84B0FFB0}.Release|x86.Build.0 = Release|Any CPU
		{B30E3714-AF0B-43AF-9C58-8503D8AD0806}.Debug|Any CPU.ActiveCfg = Debug|Any CPU
		{B30E3714-AF0B-43AF-9C58-8503D8AD0806}.Debug|Any CPU.Build.0 = Debug|Any CPU
		{B30E3714-AF0B-43AF-9C58-8503D8AD0806}.Debug|x64.ActiveCfg = Debug|Any CPU
		{B30E3714-AF0B-43AF-9C58-8503D8AD0806}.Debug|x64.Build.0 = Debug|Any CPU
		{B30E3714-AF0B-43AF-9C58-8503D8AD0806}.Debug|x86.ActiveCfg = Debug|Any CPU
		{B30E3714-AF0B-43AF-9C58-8503D8AD0806}.Debug|x86.Build.0 = Debug|Any CPU
		{B30E3714-AF0B-43AF-9C58-8503D8AD0806}.Release|Any CPU.ActiveCfg = Release|Any CPU
		{B30E3714-AF0B-43AF-9C58-8503D8AD0806}.Release|Any CPU.Build.0 = Release|Any CPU
		{B30E3714-AF0B-43AF-9C58-8503D8AD0806}.Release|x64.ActiveCfg = Release|Any CPU
		{B30E3714-AF0B-43AF-9C58-8503D8AD0806}.Release|x64.Build.0 = Release|Any CPU
		{B30E3714-AF0B-43AF-9C58-8503D8AD0806}.Release|x86.ActiveCfg = Release|Any CPU
		{B30E3714-AF0B-43AF-9C58-8503D8AD0806}.Release|x86.Build.0 = Release|Any CPU
		{DBD1CA26-DB0D-4E92-BBA4-687CD7F503DF}.Debug|Any CPU.ActiveCfg = Debug|Any CPU
		{DBD1CA26-DB0D-4E92-BBA4-687CD7F503DF}.Debug|Any CPU.Build.0 = Debug|Any CPU
		{DBD1CA26-DB0D-4E92-BBA4-687CD7F503DF}.Debug|Any CPU.Deploy.0 = Debug|Any CPU
		{DBD1CA26-DB0D-4E92-BBA4-687CD7F503DF}.Debug|x64.ActiveCfg = Debug|x64
		{DBD1CA26-DB0D-4E92-BBA4-687CD7F503DF}.Debug|x64.Build.0 = Debug|x64
		{DBD1CA26-DB0D-4E92-BBA4-687CD7F503DF}.Debug|x64.Deploy.0 = Debug|x64
		{DBD1CA26-DB0D-4E92-BBA4-687CD7F503DF}.Debug|x86.ActiveCfg = Debug|Any CPU
		{DBD1CA26-DB0D-4E92-BBA4-687CD7F503DF}.Debug|x86.Build.0 = Debug|Any CPU
		{DBD1CA26-DB0D-4E92-BBA4-687CD7F503DF}.Debug|x86.Deploy.0 = Debug|Any CPU
		{DBD1CA26-DB0D-4E92-BBA4-687CD7F503DF}.Release|Any CPU.ActiveCfg = Release|Any CPU
		{DBD1CA26-DB0D-4E92-BBA4-687CD7F503DF}.Release|Any CPU.Build.0 = Release|Any CPU
		{DBD1CA26-DB0D-4E92-BBA4-687CD7F503DF}.Release|Any CPU.Deploy.0 = Release|Any CPU
		{DBD1CA26-DB0D-4E92-BBA4-687CD7F503DF}.Release|x64.ActiveCfg = Release|x64
		{DBD1CA26-DB0D-4E92-BBA4-687CD7F503DF}.Release|x64.Build.0 = Release|x64
		{DBD1CA26-DB0D-4E92-BBA4-687CD7F503DF}.Release|x64.Deploy.0 = Release|x64
		{DBD1CA26-DB0D-4E92-BBA4-687CD7F503DF}.Release|x86.ActiveCfg = Release|Any CPU
		{DBD1CA26-DB0D-4E92-BBA4-687CD7F503DF}.Release|x86.Build.0 = Release|Any CPU
		{DBD1CA26-DB0D-4E92-BBA4-687CD7F503DF}.Release|x86.Deploy.0 = Release|Any CPU
		{4CF5A0E5-7748-4F05-BCBA-16B7DAA1E66A}.Debug|Any CPU.ActiveCfg = Debug|Any CPU
		{4CF5A0E5-7748-4F05-BCBA-16B7DAA1E66A}.Debug|Any CPU.Build.0 = Debug|Any CPU
		{4CF5A0E5-7748-4F05-BCBA-16B7DAA1E66A}.Debug|x64.ActiveCfg = Debug|Any CPU
		{4CF5A0E5-7748-4F05-BCBA-16B7DAA1E66A}.Debug|x64.Build.0 = Debug|Any CPU
		{4CF5A0E5-7748-4F05-BCBA-16B7DAA1E66A}.Debug|x86.ActiveCfg = Debug|Any CPU
		{4CF5A0E5-7748-4F05-BCBA-16B7DAA1E66A}.Debug|x86.Build.0 = Debug|Any CPU
		{4CF5A0E5-7748-4F05-BCBA-16B7DAA1E66A}.Release|Any CPU.ActiveCfg = Release|Any CPU
		{4CF5A0E5-7748-4F05-BCBA-16B7DAA1E66A}.Release|Any CPU.Build.0 = Release|Any CPU
		{4CF5A0E5-7748-4F05-BCBA-16B7DAA1E66A}.Release|x64.ActiveCfg = Release|Any CPU
		{4CF5A0E5-7748-4F05-BCBA-16B7DAA1E66A}.Release|x64.Build.0 = Release|Any CPU
		{4CF5A0E5-7748-4F05-BCBA-16B7DAA1E66A}.Release|x86.ActiveCfg = Release|Any CPU
		{4CF5A0E5-7748-4F05-BCBA-16B7DAA1E66A}.Release|x86.Build.0 = Release|Any CPU
		{58DA987E-6A83-4558-A6DD-C7A024A4525C}.Debug|Any CPU.ActiveCfg = Debug|Any CPU
		{58DA987E-6A83-4558-A6DD-C7A024A4525C}.Debug|Any CPU.Build.0 = Debug|Any CPU
		{58DA987E-6A83-4558-A6DD-C7A024A4525C}.Debug|x64.ActiveCfg = Debug|Any CPU
		{58DA987E-6A83-4558-A6DD-C7A024A4525C}.Debug|x64.Build.0 = Debug|Any CPU
		{58DA987E-6A83-4558-A6DD-C7A024A4525C}.Debug|x86.ActiveCfg = Debug|Any CPU
		{58DA987E-6A83-4558-A6DD-C7A024A4525C}.Debug|x86.Build.0 = Debug|Any CPU
		{58DA987E-6A83-4558-A6DD-C7A024A4525C}.Release|Any CPU.ActiveCfg = Release|Any CPU
		{58DA987E-6A83-4558-A6DD-C7A024A4525C}.Release|Any CPU.Build.0 = Release|Any CPU
		{58DA987E-6A83-4558-A6DD-C7A024A4525C}.Release|x64.ActiveCfg = Release|Any CPU
		{58DA987E-6A83-4558-A6DD-C7A024A4525C}.Release|x64.Build.0 = Release|Any CPU
		{58DA987E-6A83-4558-A6DD-C7A024A4525C}.Release|x86.ActiveCfg = Release|Any CPU
		{58DA987E-6A83-4558-A6DD-C7A024A4525C}.Release|x86.Build.0 = Release|Any CPU
	EndGlobalSection
	GlobalSection(SolutionProperties) = preSolution
		HideSolutionNode = FALSE
	EndGlobalSection
	GlobalSection(ExtensibilityGlobals) = postSolution
		SolutionGuid = {9F6CF74E-1F56-4389-914E-96E966C43113}
	EndGlobalSection
EndGlobal
